// !$*UTF8*$!
{
	archiveVersion = 1;
	classes = {
	};
	objectVersion = 55;
	objects = {

/* Begin PBXBuildFile section */
		F65AC04128D44A6400ECC7BD /* AppDelegate.swift in Sources */ = {isa = PBXBuildFile; fileRef = F65AC04028D44A6400ECC7BD /* AppDelegate.swift */; };
		F65AC04328D44A6400ECC7BD /* SceneDelegate.swift in Sources */ = {isa = PBXBuildFile; fileRef = F65AC04228D44A6400ECC7BD /* SceneDelegate.swift */; };
		F65AC04528D44A6400ECC7BD /* ViewController.swift in Sources */ = {isa = PBXBuildFile; fileRef = F65AC04428D44A6400ECC7BD /* ViewController.swift */; };
		F65AC04828D44A6400ECC7BD /* Main.storyboard in Resources */ = {isa = PBXBuildFile; fileRef = F65AC04628D44A6400ECC7BD /* Main.storyboard */; };
		F65AC04A28D44A6500ECC7BD /* Assets.xcassets in Resources */ = {isa = PBXBuildFile; fileRef = F65AC04928D44A6500ECC7BD /* Assets.xcassets */; };
		F65AC04D28D44A6500ECC7BD /* LaunchScreen.storyboard in Resources */ = {isa = PBXBuildFile; fileRef = F65AC04B28D44A6500ECC7BD /* LaunchScreen.storyboard */; };
		F65AC05528D44C8700ECC7BD /* StampViewController.swift in Sources */ = {isa = PBXBuildFile; fileRef = F65AC05428D44C8700ECC7BD /* StampViewController.swift */; };
		F65AC06028D479F100ECC7BD /* CollectionViewCell.swift in Sources */ = {isa = PBXBuildFile; fileRef = F65AC05E28D479F100ECC7BD /* CollectionViewCell.swift */; };
		F65AC06128D479F100ECC7BD /* CollectionViewCell.xib in Resources */ = {isa = PBXBuildFile; fileRef = F65AC05F28D479F100ECC7BD /* CollectionViewCell.xib */; };
		F65AC06328D75B4300ECC7BD /* PushViewController.swift in Sources */ = {isa = PBXBuildFile; fileRef = F65AC06228D75B4300ECC7BD /* PushViewController.swift */; };
		F65AC06528D75F5100ECC7BD /* PushCollectionViewCell.swift in Sources */ = {isa = PBXBuildFile; fileRef = F65AC06428D75F5100ECC7BD /* PushCollectionViewCell.swift */; };
		F6EB9D5928D82B8800F843D8 /* Realm in Frameworks */ = {isa = PBXBuildFile; productRef = F6EB9D5828D82B8800F843D8 /* Realm */; };
		F6EB9D5B28D82B8800F843D8 /* RealmSwift in Frameworks */ = {isa = PBXBuildFile; productRef = F6EB9D5A28D82B8800F843D8 /* RealmSwift */; };
		F6EB9D5D28D82C6200F843D8 /* RealmSave.swift in Sources */ = {isa = PBXBuildFile; fileRef = F6EB9D5C28D82C6200F843D8 /* RealmSave.swift */; };
		F6EB9D6128DF440D00F843D8 /* TableViewCell.swift in Sources */ = {isa = PBXBuildFile; fileRef = F6EB9D5F28DF440D00F843D8 /* TableViewCell.swift */; };
		F6EB9D6228DF440D00F843D8 /* TableViewCell.xib in Resources */ = {isa = PBXBuildFile; fileRef = F6EB9D6028DF440D00F843D8 /* TableViewCell.xib */; };
		F6EB9D7128E07E8000F843D8 /* MyCollectionViewCell.swift in Sources */ = {isa = PBXBuildFile; fileRef = F6EB9D6F28E07E8000F843D8 /* MyCollectionViewCell.swift */; };
		F6EB9D7228E07E8000F843D8 /* MyCollectionViewCell.xib in Resources */ = {isa = PBXBuildFile; fileRef = F6EB9D7028E07E8000F843D8 /* MyCollectionViewCell.xib */; };
		F6EB9D7428E085D300F843D8 /* Model.swift in Sources */ = {isa = PBXBuildFile; fileRef = F6EB9D7328E085D300F843D8 /* Model.swift */; };
/* End PBXBuildFile section */

/* Begin PBXFileReference section */
		F65AC03D28D44A6400ECC7BD /* TampStamp.app */ = {isa = PBXFileReference; explicitFileType = wrapper.application; includeInIndex = 0; path = TampStamp.app; sourceTree = BUILT_PRODUCTS_DIR; };
		F65AC04028D44A6400ECC7BD /* AppDelegate.swift */ = {isa = PBXFileReference; lastKnownFileType = sourcecode.swift; path = AppDelegate.swift; sourceTree = "<group>"; };
		F65AC04228D44A6400ECC7BD /* SceneDelegate.swift */ = {isa = PBXFileReference; lastKnownFileType = sourcecode.swift; path = SceneDelegate.swift; sourceTree = "<group>"; };
		F65AC04428D44A6400ECC7BD /* ViewController.swift */ = {isa = PBXFileReference; lastKnownFileType = sourcecode.swift; path = ViewController.swift; sourceTree = "<group>"; };
		F65AC04728D44A6400ECC7BD /* Base */ = {isa = PBXFileReference; lastKnownFileType = file.storyboard; name = Base; path = Base.lproj/Main.storyboard; sourceTree = "<group>"; };
		F65AC04928D44A6500ECC7BD /* Assets.xcassets */ = {isa = PBXFileReference; lastKnownFileType = folder.assetcatalog; path = Assets.xcassets; sourceTree = "<group>"; };
		F65AC04C28D44A6500ECC7BD /* Base */ = {isa = PBXFileReference; lastKnownFileType = file.storyboard; name = Base; path = Base.lproj/LaunchScreen.storyboard; sourceTree = "<group>"; };
		F65AC04E28D44A6500ECC7BD /* Info.plist */ = {isa = PBXFileReference; lastKnownFileType = text.plist.xml; path = Info.plist; sourceTree = "<group>"; };
		F65AC05428D44C8700ECC7BD /* StampViewController.swift */ = {isa = PBXFileReference; lastKnownFileType = sourcecode.swift; path = StampViewController.swift; sourceTree = "<group>"; };
		F65AC05E28D479F100ECC7BD /* CollectionViewCell.swift */ = {isa = PBXFileReference; lastKnownFileType = sourcecode.swift; path = CollectionViewCell.swift; sourceTree = "<group>"; };
		F65AC05F28D479F100ECC7BD /* CollectionViewCell.xib */ = {isa = PBXFileReference; lastKnownFileType = file.xib; path = CollectionViewCell.xib; sourceTree = "<group>"; };
		F65AC06228D75B4300ECC7BD /* PushViewController.swift */ = {isa = PBXFileReference; lastKnownFileType = sourcecode.swift; path = PushViewController.swift; sourceTree = "<group>"; };
		F65AC06428D75F5100ECC7BD /* PushCollectionViewCell.swift */ = {isa = PBXFileReference; lastKnownFileType = sourcecode.swift; path = PushCollectionViewCell.swift; sourceTree = "<group>"; };
		F6EB9D5C28D82C6200F843D8 /* RealmSave.swift */ = {isa = PBXFileReference; lastKnownFileType = sourcecode.swift; path = RealmSave.swift; sourceTree = "<group>"; };
		F6EB9D5F28DF440D00F843D8 /* TableViewCell.swift */ = {isa = PBXFileReference; lastKnownFileType = sourcecode.swift; path = TableViewCell.swift; sourceTree = "<group>"; };
		F6EB9D6028DF440D00F843D8 /* TableViewCell.xib */ = {isa = PBXFileReference; lastKnownFileType = file.xib; path = TableViewCell.xib; sourceTree = "<group>"; };
		F6EB9D6F28E07E8000F843D8 /* MyCollectionViewCell.swift */ = {isa = PBXFileReference; lastKnownFileType = sourcecode.swift; path = MyCollectionViewCell.swift; sourceTree = "<group>"; };
		F6EB9D7028E07E8000F843D8 /* MyCollectionViewCell.xib */ = {isa = PBXFileReference; lastKnownFileType = file.xib; path = MyCollectionViewCell.xib; sourceTree = "<group>"; };
		F6EB9D7328E085D300F843D8 /* Model.swift */ = {isa = PBXFileReference; lastKnownFileType = sourcecode.swift; path = Model.swift; sourceTree = "<group>"; };
/* End PBXFileReference section */

/* Begin PBXFrameworksBuildPhase section */
		F65AC03A28D44A6400ECC7BD /* Frameworks */ = {
			isa = PBXFrameworksBuildPhase;
			buildActionMask = 2147483647;
			files = (
				F6EB9D5B28D82B8800F843D8 /* RealmSwift in Frameworks */,
				F6EB9D5928D82B8800F843D8 /* Realm in Frameworks */,
			);
			runOnlyForDeploymentPostprocessing = 0;
		};
/* End PBXFrameworksBuildPhase section */

/* Begin PBXGroup section */
		F65AC03428D44A6400ECC7BD = {
			isa = PBXGroup;
			children = (
				F65AC03F28D44A6400ECC7BD /* TampStamp */,
				F65AC03E28D44A6400ECC7BD /* Products */,
			);
			sourceTree = "<group>";
		};
		F65AC03E28D44A6400ECC7BD /* Products */ = {
			isa = PBXGroup;
			children = (
				F65AC03D28D44A6400ECC7BD /* TampStamp.app */,
			);
			name = Products;
			sourceTree = "<group>";
		};
		F65AC03F28D44A6400ECC7BD /* TampStamp */ = {
			isa = PBXGroup;
			children = (
				F65AC04028D44A6400ECC7BD /* AppDelegate.swift */,
				F65AC04228D44A6400ECC7BD /* SceneDelegate.swift */,
				F65AC04428D44A6400ECC7BD /* ViewController.swift */,
				F65AC05428D44C8700ECC7BD /* StampViewController.swift */,
				F65AC04628D44A6400ECC7BD /* Main.storyboard */,
				F65AC04928D44A6500ECC7BD /* Assets.xcassets */,
				F6EB9D5F28DF440D00F843D8 /* TableViewCell.swift */,
				F6EB9D6028DF440D00F843D8 /* TableViewCell.xib */,
				F65AC04B28D44A6500ECC7BD /* LaunchScreen.storyboard */,
				F65AC04E28D44A6500ECC7BD /* Info.plist */,
				F65AC05E28D479F100ECC7BD /* CollectionViewCell.swift */,
				F65AC05F28D479F100ECC7BD /* CollectionViewCell.xib */,
				F65AC06228D75B4300ECC7BD /* PushViewController.swift */,
				F65AC06428D75F5100ECC7BD /* PushCollectionViewCell.swift */,
				F6EB9D5C28D82C6200F843D8 /* RealmSave.swift */,
				F6EB9D6F28E07E8000F843D8 /* MyCollectionViewCell.swift */,
				F6EB9D7028E07E8000F843D8 /* MyCollectionViewCell.xib */,
				F6EB9D7328E085D300F843D8 /* Model.swift */,
			);
			path = TampStamp;
			sourceTree = "<group>";
		};
/* End PBXGroup section */

/* Begin PBXNativeTarget section */
		F65AC03C28D44A6400ECC7BD /* TampStamp */ = {
			isa = PBXNativeTarget;
			buildConfigurationList = F65AC05128D44A6500ECC7BD /* Build configuration list for PBXNativeTarget "TampStamp" */;
			buildPhases = (
				F65AC03928D44A6400ECC7BD /* Sources */,
				F65AC03A28D44A6400ECC7BD /* Frameworks */,
				F65AC03B28D44A6400ECC7BD /* Resources */,
			);
			buildRules = (
			);
			dependencies = (
			);
			name = TampStamp;
			packageProductDependencies = (
				F6EB9D5828D82B8800F843D8 /* Realm */,
				F6EB9D5A28D82B8800F843D8 /* RealmSwift */,
			);
			productName = TampStamp;
			productReference = F65AC03D28D44A6400ECC7BD /* TampStamp.app */;
			productType = "com.apple.product-type.application";
		};
/* End PBXNativeTarget section */

/* Begin PBXProject section */
		F65AC03528D44A6400ECC7BD /* Project object */ = {
			isa = PBXProject;
			attributes = {
				BuildIndependentTargetsInParallel = 1;
				LastSwiftUpdateCheck = 1340;
				LastUpgradeCheck = 1340;
				TargetAttributes = {
					F65AC03C28D44A6400ECC7BD = {
						CreatedOnToolsVersion = 13.4.1;
					};
				};
			};
			buildConfigurationList = F65AC03828D44A6400ECC7BD /* Build configuration list for PBXProject "TampStamp" */;
			compatibilityVersion = "Xcode 13.0";
			developmentRegion = en;
			hasScannedForEncodings = 0;
			knownRegions = (
				en,
				Base,
			);
			mainGroup = F65AC03428D44A6400ECC7BD;
			packageReferences = (
				F6EB9D5728D82B8800F843D8 /* XCRemoteSwiftPackageReference "realm-swift" */,
			);
			productRefGroup = F65AC03E28D44A6400ECC7BD /* Products */;
			projectDirPath = "";
			projectRoot = "";
			targets = (
				F65AC03C28D44A6400ECC7BD /* TampStamp */,
			);
		};
/* End PBXProject section */

/* Begin PBXResourcesBuildPhase section */
		F65AC03B28D44A6400ECC7BD /* Resources */ = {
			isa = PBXResourcesBuildPhase;
			buildActionMask = 2147483647;
			files = (
				F65AC04D28D44A6500ECC7BD /* LaunchScreen.storyboard in Resources */,
				F6EB9D6228DF440D00F843D8 /* TableViewCell.xib in Resources */,
				F6EB9D7228E07E8000F843D8 /* MyCollectionViewCell.xib in Resources */,
				F65AC04A28D44A6500ECC7BD /* Assets.xcassets in Resources */,
				F65AC06128D479F100ECC7BD /* CollectionViewCell.xib in Resources */,
				F65AC04828D44A6400ECC7BD /* Main.storyboard in Resources */,
			);
			runOnlyForDeploymentPostprocessing = 0;
		};
/* End PBXResourcesBuildPhase section */

/* Begin PBXSourcesBuildPhase section */
		F65AC03928D44A6400ECC7BD /* Sources */ = {
			isa = PBXSourcesBuildPhase;
			buildActionMask = 2147483647;
			files = (
				F65AC06028D479F100ECC7BD /* CollectionViewCell.swift in Sources */,
				F65AC05528D44C8700ECC7BD /* StampViewController.swift in Sources */,
				F6EB9D5D28D82C6200F843D8 /* RealmSave.swift in Sources */,
				F6EB9D6128DF440D00F843D8 /* TableViewCell.swift in Sources */,
				F65AC06328D75B4300ECC7BD /* PushViewController.swift in Sources */,
				F65AC04528D44A6400ECC7BD /* ViewController.swift in Sources */,
				F6EB9D7128E07E8000F843D8 /* MyCollectionViewCell.swift in Sources */,
				F65AC04128D44A6400ECC7BD /* AppDelegate.swift in Sources */,
				F6EB9D7428E085D300F843D8 /* Model.swift in Sources */,
				F65AC06528D75F5100ECC7BD /* PushCollectionViewCell.swift in Sources */,
				F65AC04328D44A6400ECC7BD /* SceneDelegate.swift in Sources */,
			);
			runOnlyForDeploymentPostprocessing = 0;
		};
/* End PBXSourcesBuildPhase section */

/* Begin PBXVariantGroup section */
		F65AC04628D44A6400ECC7BD /* Main.storyboard */ = {
			isa = PBXVariantGroup;
			children = (
				F65AC04728D44A6400ECC7BD /* Base */,
			);
			name = Main.storyboard;
			sourceTree = "<group>";
		};
		F65AC04B28D44A6500ECC7BD /* LaunchScreen.storyboard */ = {
			isa = PBXVariantGroup;
			children = (
				F65AC04C28D44A6500ECC7BD /* Base */,
			);
			name = LaunchScreen.storyboard;
			sourceTree = "<group>";
		};
/* End PBXVariantGroup section */

/* Begin XCBuildConfiguration section */
		F65AC04F28D44A6500ECC7BD /* Debug */ = {
			isa = XCBuildConfiguration;
			buildSettings = {
				ALWAYS_SEARCH_USER_PATHS = NO;
				CLANG_ANALYZER_NONNULL = YES;
				CLANG_ANALYZER_NUMBER_OBJECT_CONVERSION = YES_AGGRESSIVE;
				CLANG_CXX_LANGUAGE_STANDARD = "gnu++17";
				CLANG_ENABLE_MODULES = YES;
				CLANG_ENABLE_OBJC_ARC = YES;
				CLANG_ENABLE_OBJC_WEAK = YES;
				CLANG_WARN_BLOCK_CAPTURE_AUTORELEASING = YES;
				CLANG_WARN_BOOL_CONVERSION = YES;
				CLANG_WARN_COMMA = YES;
				CLANG_WARN_CONSTANT_CONVERSION = YES;
				CLANG_WARN_DEPRECATED_OBJC_IMPLEMENTATIONS = YES;
				CLANG_WARN_DIRECT_OBJC_ISA_USAGE = YES_ERROR;
				CLANG_WARN_DOCUMENTATION_COMMENTS = YES;
				CLANG_WARN_EMPTY_BODY = YES;
				CLANG_WARN_ENUM_CONVERSION = YES;
				CLANG_WARN_INFINITE_RECURSION = YES;
				CLANG_WARN_INT_CONVERSION = YES;
				CLANG_WARN_NON_LITERAL_NULL_CONVERSION = YES;
				CLANG_WARN_OBJC_IMPLICIT_RETAIN_SELF = YES;
				CLANG_WARN_OBJC_LITERAL_CONVERSION = YES;
				CLANG_WARN_OBJC_ROOT_CLASS = YES_ERROR;
				CLANG_WARN_QUOTED_INCLUDE_IN_FRAMEWORK_HEADER = YES;
				CLANG_WARN_RANGE_LOOP_ANALYSIS = YES;
				CLANG_WARN_STRICT_PROTOTYPES = YES;
				CLANG_WARN_SUSPICIOUS_MOVE = YES;
				CLANG_WARN_UNGUARDED_AVAILABILITY = YES_AGGRESSIVE;
				CLANG_WARN_UNREACHABLE_CODE = YES;
				CLANG_WARN__DUPLICATE_METHOD_MATCH = YES;
				COPY_PHASE_STRIP = NO;
				DEBUG_INFORMATION_FORMAT = dwarf;
				ENABLE_STRICT_OBJC_MSGSEND = YES;
				ENABLE_TESTABILITY = YES;
				GCC_C_LANGUAGE_STANDARD = gnu11;
				GCC_DYNAMIC_NO_PIC = NO;
				GCC_NO_COMMON_BLOCKS = YES;
				GCC_OPTIMIZATION_LEVEL = 0;
				GCC_PREPROCESSOR_DEFINITIONS = (
					"DEBUG=1",
					"$(inherited)",
				);
				GCC_WARN_64_TO_32_BIT_CONVERSION = YES;
				GCC_WARN_ABOUT_RETURN_TYPE = YES_ERROR;
				GCC_WARN_UNDECLARED_SELECTOR = YES;
				GCC_WARN_UNINITIALIZED_AUTOS = YES_AGGRESSIVE;
				GCC_WARN_UNUSED_FUNCTION = YES;
				GCC_WARN_UNUSED_VARIABLE = YES;
				IPHONEOS_DEPLOYMENT_TARGET = 15.5;
				MTL_ENABLE_DEBUG_INFO = INCLUDE_SOURCE;
				MTL_FAST_MATH = YES;
				ONLY_ACTIVE_ARCH = YES;
				SDKROOT = iphoneos;
				SWIFT_ACTIVE_COMPILATION_CONDITIONS = DEBUG;
				SWIFT_OPTIMIZATION_LEVEL = "-Onone";
			};
			name = Debug;
		};
		F65AC05028D44A6500ECC7BD /* Release */ = {
			isa = XCBuildConfiguration;
			buildSettings = {
				ALWAYS_SEARCH_USER_PATHS = NO;
				CLANG_ANALYZER_NONNULL = YES;
				CLANG_ANALYZER_NUMBER_OBJECT_CONVERSION = YES_AGGRESSIVE;
				CLANG_CXX_LANGUAGE_STANDARD = "gnu++17";
				CLANG_ENABLE_MODULES = YES;
				CLANG_ENABLE_OBJC_ARC = YES;
				CLANG_ENABLE_OBJC_WEAK = YES;
				CLANG_WARN_BLOCK_CAPTURE_AUTORELEASING = YES;
				CLANG_WARN_BOOL_CONVERSION = YES;
				CLANG_WARN_COMMA = YES;
				CLANG_WARN_CONSTANT_CONVERSION = YES;
				CLANG_WARN_DEPRECATED_OBJC_IMPLEMENTATIONS = YES;
				CLANG_WARN_DIRECT_OBJC_ISA_USAGE = YES_ERROR;
				CLANG_WARN_DOCUMENTATION_COMMENTS = YES;
				CLANG_WARN_EMPTY_BODY = YES;
				CLANG_WARN_ENUM_CONVERSION = YES;
				CLANG_WARN_INFINITE_RECURSION = YES;
				CLANG_WARN_INT_CONVERSION = YES;
				CLANG_WARN_NON_LITERAL_NULL_CONVERSION = YES;
				CLANG_WARN_OBJC_IMPLICIT_RETAIN_SELF = YES;
				CLANG_WARN_OBJC_LITERAL_CONVERSION = YES;
				CLANG_WARN_OBJC_ROOT_CLASS = YES_ERROR;
				CLANG_WARN_QUOTED_INCLUDE_IN_FRAMEWORK_HEADER = YES;
				CLANG_WARN_RANGE_LOOP_ANALYSIS = YES;
				CLANG_WARN_STRICT_PROTOTYPES = YES;
				CLANG_WARN_SUSPICIOUS_MOVE = YES;
				CLANG_WARN_UNGUARDED_AVAILABILITY = YES_AGGRESSIVE;
				CLANG_WARN_UNREACHABLE_CODE = YES;
				CLANG_WARN__DUPLICATE_METHOD_MATCH = YES;
				COPY_PHASE_STRIP = NO;
				DEBUG_INFORMATION_FORMAT = "dwarf-with-dsym";
				ENABLE_NS_ASSERTIONS = NO;
				ENABLE_STRICT_OBJC_MSGSEND = YES;
				GCC_C_LANGUAGE_STANDARD = gnu11;
				GCC_NO_COMMON_BLOCKS = YES;
				GCC_WARN_64_TO_32_BIT_CONVERSION = YES;
				GCC_WARN_ABOUT_RETURN_TYPE = YES_ERROR;
				GCC_WARN_UNDECLARED_SELECTOR = YES;
				GCC_WARN_UNINITIALIZED_AUTOS = YES_AGGRESSIVE;
				GCC_WARN_UNUSED_FUNCTION = YES;
				GCC_WARN_UNUSED_VARIABLE = YES;
				IPHONEOS_DEPLOYMENT_TARGET = 15.5;
				MTL_ENABLE_DEBUG_INFO = NO;
				MTL_FAST_MATH = YES;
				SDKROOT = iphoneos;
				SWIFT_COMPILATION_MODE = wholemodule;
				SWIFT_OPTIMIZATION_LEVEL = "-O";
				VALIDATE_PRODUCT = YES;
			};
			name = Release;
		};
		F65AC05228D44A6500ECC7BD /* Debug */ = {
			isa = XCBuildConfiguration;
			buildSettings = {
				ASSETCATALOG_COMPILER_APPICON_NAME = AppIcon;
				ASSETCATALOG_COMPILER_GLOBAL_ACCENT_COLOR_NAME = AccentColor;
				CODE_SIGN_STYLE = Automatic;
				CURRENT_PROJECT_VERSION = 1;
				DEVELOPMENT_TEAM = 34KDDNVB49;
				GENERATE_INFOPLIST_FILE = YES;
				INFOPLIST_FILE = TampStamp/Info.plist;
				INFOPLIST_KEY_UIApplicationSupportsIndirectInputEvents = YES;
				INFOPLIST_KEY_UILaunchStoryboardName = LaunchScreen;
				INFOPLIST_KEY_UIMainStoryboardFile = Main;
				INFOPLIST_KEY_UISupportedInterfaceOrientations_iPad = "UIInterfaceOrientationPortrait UIInterfaceOrientationPortraitUpsideDown UIInterfaceOrientationLandscapeLeft UIInterfaceOrientationLandscapeRight";
				INFOPLIST_KEY_UISupportedInterfaceOrientations_iPhone = "UIInterfaceOrientationPortrait UIInterfaceOrientationLandscapeLeft UIInterfaceOrientationLandscapeRight";
				LD_RUNPATH_SEARCH_PATHS = (
					"$(inherited)",
					"@executable_path/Frameworks",
				);
				MARKETING_VERSION = 1.0;
				PRODUCT_BUNDLE_IDENTIFIER = app.nagasaki.chanpon.TampStamp;
				PRODUCT_NAME = "$(TARGET_NAME)";
				SWIFT_EMIT_LOC_STRINGS = YES;
				SWIFT_VERSION = 5.0;
				TARGETED_DEVICE_FAMILY = "1,2";
			};
			name = Debug;
		};
		F65AC05328D44A6500ECC7BD /* Release */ = {
			isa = XCBuildConfiguration;
			buildSettings = {
				ASSETCATALOG_COMPILER_APPICON_NAME = AppIcon;
				ASSETCATALOG_COMPILER_GLOBAL_ACCENT_COLOR_NAME = AccentColor;
				CODE_SIGN_STYLE = Automatic;
				CURRENT_PROJECT_VERSION = 1;
				DEVELOPMENT_TEAM = 34KDDNVB49;
				GENERATE_INFOPLIST_FILE = YES;
				INFOPLIST_FILE = TampStamp/Info.plist;
				INFOPLIST_KEY_UIApplicationSupportsIndirectInputEvents = YES;
				INFOPLIST_KEY_UILaunchStoryboardName = LaunchScreen;
				INFOPLIST_KEY_UIMainStoryboardFile = Main;
				INFOPLIST_KEY_UISupportedInterfaceOrientations_iPad = "UIInterfaceOrientationPortrait UIInterfaceOrientationPortraitUpsideDown UIInterfaceOrientationLandscapeLeft UIInterfaceOrientationLandscapeRight";
				INFOPLIST_KEY_UISupportedInterfaceOrientations_iPhone = "UIInterfaceOrientationPortrait UIInterfaceOrientationLandscapeLeft UIInterfaceOrientationLandscapeRight";
				LD_RUNPATH_SEARCH_PATHS = (
					"$(inherited)",
					"@executable_path/Frameworks",
				);
				MARKETING_VERSION = 1.0;
				PRODUCT_BUNDLE_IDENTIFIER = app.nagasaki.chanpon.TampStamp;
				PRODUCT_NAME = "$(TARGET_NAME)";
				SWIFT_EMIT_LOC_STRINGS = YES;
				SWIFT_VERSION = 5.0;
				TARGETED_DEVICE_FAMILY = "1,2";
			};
			name = Release;
		};
/* End XCBuildConfiguration section */

/* Begin XCConfigurationList section */
		F65AC03828D44A6400ECC7BD /* Build configuration list for PBXProject "TampStamp" */ = {
			isa = XCConfigurationList;
			buildConfigurations = (
				F65AC04F28D44A6500ECC7BD /* Debug */,
				F65AC05028D44A6500ECC7BD /* Release */,
			);
			defaultConfigurationIsVisible = 0;
			defaultConfigurationName = Release;
		};
		F65AC05128D44A6500ECC7BD /* Build configuration list for PBXNativeTarget "TampStamp" */ = {
			isa = XCConfigurationList;
			buildConfigurations = (
				F65AC05228D44A6500ECC7BD /* Debug */,
				F65AC05328D44A6500ECC7BD /* Release */,
			);
			defaultConfigurationIsVisible = 0;
			defaultConfigurationName = Release;
		};
/* End XCConfigurationList section */

/* Begin XCRemoteSwiftPackageReference section */
		F6EB9D5728D82B8800F843D8 /* XCRemoteSwiftPackageReference "realm-swift" */ = {
			isa = XCRemoteSwiftPackageReference;
			repositoryURL = "https://github.com/realm/realm-swift";
			requirement = {
				branch = master;
				kind = branch;
			};
		};
/* End XCRemoteSwiftPackageReference section */

/* Begin XCSwiftPackageProductDependency section */
		F6EB9D5828D82B8800F843D8 /* Realm */ = {
			isa = XCSwiftPackageProductDependency;
			package = F6EB9D5728D82B8800F843D8 /* XCRemoteSwiftPackageReference "realm-swift" */;
			productName = Realm;
		};
		F6EB9D5A28D82B8800F843D8 /* RealmSwift */ = {
			isa = XCSwiftPackageProductDependency;
			package = F6EB9D5728D82B8800F843D8 /* XCRemoteSwiftPackageReference "realm-swift" */;
			productName = RealmSwift;
		};
/* End XCSwiftPackageProductDependency section */
	};
	rootObject = F65AC03528D44A6400ECC7BD /* Project object */;
}
